
Microsoft Visual Studio Solution File, Format Version 12.00
Project("{FAE04EC0-301F-11D3-BF4B-00C04F79EFBC}") = "Console_UserInput", "Console_UserInput\Console_UserInput.csproj", "{73651C2D-037C-4685-A155-ECDF01092B66}"
EndProject
Project("{2150E333-8FDC-42A3-9474-1A3956D46DE8}") = "Solution Items", "Solution Items", "{1323A122-5E83-4C59-BD95-0575F53899FC}"
	ProjectSection(SolutionItems) = preProject
		compose.yaml = compose.yaml
		.gitignore = .gitignore
	EndProjectSection
EndProject
Project("{FAE04EC0-301F-11D3-BF4B-00C04F79EFBC}") = "Car_brands", "Car_brands\Car_brands.csproj", "{28DECE66-C84A-4E28-9480-2E427A6CA475}"
EndProject
Project("{FAE04EC0-301F-11D3-BF4B-00C04F79EFBC}") = "Arrays", "Arrays\Arrays.csproj", "{BF4759D7-8BAC-4307-972F-A18F9A8499DF}"
EndProject
Project("{FAE04EC0-301F-11D3-BF4B-00C04F79EFBC}") = "FizzBuzz", "FizzBuzz\FizzBuzz.csproj", "{C9AAC0A8-C858-4D09-8322-1E1E8AB4E1F2}"
EndProject
Project("{FAE04EC0-301F-11D3-BF4B-00C04F79EFBC}") = "FizzBuzz.Tests", "FizzBuzz.Tests\FizzBuzz.Tests.csproj", "{4BEDD7DE-0A1A-4E5F-8F49-67561B9B2481}"
EndProject
Project("{2150E333-8FDC-42A3-9474-1A3956D46DE8}") = "FizzBuzz", "FizzBuzz", "{3857CDBD-227E-4356-A6DF-CEAFF49D567D}"
EndProject
Project("{2150E333-8FDC-42A3-9474-1A3956D46DE8}") = "CarBrands", "CarBrands", "{763C9930-3717-4FC2-8C92-F92DD0B91022}"
EndProject
Project("{FAE04EC0-301F-11D3-BF4B-00C04F79EFBC}") = "CarBrands.Tests", "CarBrands.Tests\CarBrands.Tests.csproj", "{E2CE92B1-BF81-4BE6-9CB0-3BF6B7AD735D}"
EndProject
Project("{FAE04EC0-301F-11D3-BF4B-00C04F79EFBC}") = "BooksApp", "BooksApp\BooksApp.csproj", "{3F28CDFD-6C6A-4E3D-B8BE-EEA6C75A907C}"
EndProject
Project("{FAE04EC0-301F-11D3-BF4B-00C04F79EFBC}") = "BooksApp.Tests", "BooksApp.Tests\BooksApp.Tests.csproj", "{D5615E80-CB0B-46DB-9B3E-70C08F40D29D}"
EndProject
Project("{2150E333-8FDC-42A3-9474-1A3956D46DE8}") = "Books", "Books", "{7190FA47-9AF6-4E76-86A2-0B4FB4414653}"
EndProject
Project("{FAE04EC0-301F-11D3-BF4B-00C04F79EFBC}") = "BooksApp.Models", "BooksApp.Models\BooksApp.Models.csproj", "{1E866ADF-09CC-4A90-9B7E-78353A403E4C}"
EndProject
Project("{2150E333-8FDC-42A3-9474-1A3956D46DE8}") = "AnimalsApp", "AnimalsApp", "{6F7596E0-0EC3-43D1-BD93-9687372E3AC9}"
EndProject
Project("{FAE04EC0-301F-11D3-BF4B-00C04F79EFBC}") = "AnimalApp.Models", "AnimalApp.Models\AnimalApp.Models.csproj", "{A5DBEE7F-432B-4941-B2EB-C82A0CE64E70}"
EndProject
Project("{FAE04EC0-301F-11D3-BF4B-00C04F79EFBC}") = "AnimalApp", "AnimalApp\AnimalApp.csproj", "{6834D09A-1857-47AA-85FF-0EBF95A12CCA}"
EndProject
Project("{FAE04EC0-301F-11D3-BF4B-00C04F79EFBC}") = "AnimalApp.Tests", "AnimalApp.Tests\AnimalApp.Tests.csproj", "{A722D142-A5DE-425B-8A3C-7D6D8BAA2EC8}"
EndProject
Global
	GlobalSection(SolutionConfigurationPlatforms) = preSolution
		Debug|Any CPU = Debug|Any CPU
		Release|Any CPU = Release|Any CPU
	EndGlobalSection
	GlobalSection(ProjectConfigurationPlatforms) = postSolution
		{73651C2D-037C-4685-A155-ECDF01092B66}.Debug|Any CPU.ActiveCfg = Debug|Any CPU
		{73651C2D-037C-4685-A155-ECDF01092B66}.Debug|Any CPU.Build.0 = Debug|Any CPU
		{73651C2D-037C-4685-A155-ECDF01092B66}.Release|Any CPU.ActiveCfg = Release|Any CPU
		{73651C2D-037C-4685-A155-ECDF01092B66}.Release|Any CPU.Build.0 = Release|Any CPU
		{28DECE66-C84A-4E28-9480-2E427A6CA475}.Debug|Any CPU.ActiveCfg = Debug|Any CPU
		{28DECE66-C84A-4E28-9480-2E427A6CA475}.Debug|Any CPU.Build.0 = Debug|Any CPU
		{28DECE66-C84A-4E28-9480-2E427A6CA475}.Release|Any CPU.ActiveCfg = Release|Any CPU
		{28DECE66-C84A-4E28-9480-2E427A6CA475}.Release|Any CPU.Build.0 = Release|Any CPU
		{BF4759D7-8BAC-4307-972F-A18F9A8499DF}.Debug|Any CPU.ActiveCfg = Debug|Any CPU
		{BF4759D7-8BAC-4307-972F-A18F9A8499DF}.Debug|Any CPU.Build.0 = Debug|Any CPU
		{BF4759D7-8BAC-4307-972F-A18F9A8499DF}.Release|Any CPU.ActiveCfg = Release|Any CPU
		{BF4759D7-8BAC-4307-972F-A18F9A8499DF}.Release|Any CPU.Build.0 = Release|Any CPU
		{C9AAC0A8-C858-4D09-8322-1E1E8AB4E1F2}.Debug|Any CPU.ActiveCfg = Debug|Any CPU
		{C9AAC0A8-C858-4D09-8322-1E1E8AB4E1F2}.Debug|Any CPU.Build.0 = Debug|Any CPU
		{C9AAC0A8-C858-4D09-8322-1E1E8AB4E1F2}.Release|Any CPU.ActiveCfg = Release|Any CPU
		{C9AAC0A8-C858-4D09-8322-1E1E8AB4E1F2}.Release|Any CPU.Build.0 = Release|Any CPU
		{4BEDD7DE-0A1A-4E5F-8F49-67561B9B2481}.Debug|Any CPU.ActiveCfg = Debug|Any CPU
		{4BEDD7DE-0A1A-4E5F-8F49-67561B9B2481}.Debug|Any CPU.Build.0 = Debug|Any CPU
		{4BEDD7DE-0A1A-4E5F-8F49-67561B9B2481}.Release|Any CPU.ActiveCfg = Release|Any CPU
		{4BEDD7DE-0A1A-4E5F-8F49-67561B9B2481}.Release|Any CPU.Build.0 = Release|Any CPU
		{E2CE92B1-BF81-4BE6-9CB0-3BF6B7AD735D}.Debug|Any CPU.ActiveCfg = Debug|Any CPU
		{E2CE92B1-BF81-4BE6-9CB0-3BF6B7AD735D}.Debug|Any CPU.Build.0 = Debug|Any CPU
		{E2CE92B1-BF81-4BE6-9CB0-3BF6B7AD735D}.Release|Any CPU.ActiveCfg = Release|Any CPU
		{E2CE92B1-BF81-4BE6-9CB0-3BF6B7AD735D}.Release|Any CPU.Build.0 = Release|Any CPU
		{3F28CDFD-6C6A-4E3D-B8BE-EEA6C75A907C}.Debug|Any CPU.ActiveCfg = Debug|Any CPU
		{3F28CDFD-6C6A-4E3D-B8BE-EEA6C75A907C}.Debug|Any CPU.Build.0 = Debug|Any CPU
		{3F28CDFD-6C6A-4E3D-B8BE-EEA6C75A907C}.Release|Any CPU.ActiveCfg = Release|Any CPU
		{3F28CDFD-6C6A-4E3D-B8BE-EEA6C75A907C}.Release|Any CPU.Build.0 = Release|Any CPU
		{D5615E80-CB0B-46DB-9B3E-70C08F40D29D}.Debug|Any CPU.ActiveCfg = Debug|Any CPU
		{D5615E80-CB0B-46DB-9B3E-70C08F40D29D}.Debug|Any CPU.Build.0 = Debug|Any CPU
		{D5615E80-CB0B-46DB-9B3E-70C08F40D29D}.Release|Any CPU.ActiveCfg = Release|Any CPU
		{D5615E80-CB0B-46DB-9B3E-70C08F40D29D}.Release|Any CPU.Build.0 = Release|Any CPU
		{1E866ADF-09CC-4A90-9B7E-78353A403E4C}.Debug|Any CPU.ActiveCfg = Debug|Any CPU
		{1E866ADF-09CC-4A90-9B7E-78353A403E4C}.Debug|Any CPU.Build.0 = Debug|Any CPU
		{1E866ADF-09CC-4A90-9B7E-78353A403E4C}.Release|Any CPU.ActiveCfg = Release|Any CPU
		{1E866ADF-09CC-4A90-9B7E-78353A403E4C}.Release|Any CPU.Build.0 = Release|Any CPU
		{A5DBEE7F-432B-4941-B2EB-C82A0CE64E70}.Debug|Any CPU.ActiveCfg = Debug|Any CPU
		{A5DBEE7F-432B-4941-B2EB-C82A0CE64E70}.Debug|Any CPU.Build.0 = Debug|Any CPU
		{A5DBEE7F-432B-4941-B2EB-C82A0CE64E70}.Release|Any CPU.ActiveCfg = Release|Any CPU
		{A5DBEE7F-432B-4941-B2EB-C82A0CE64E70}.Release|Any CPU.Build.0 = Release|Any CPU
		{6834D09A-1857-47AA-85FF-0EBF95A12CCA}.Debug|Any CPU.ActiveCfg = Debug|Any CPU
		{6834D09A-1857-47AA-85FF-0EBF95A12CCA}.Debug|Any CPU.Build.0 = Debug|Any CPU
		{6834D09A-1857-47AA-85FF-0EBF95A12CCA}.Release|Any CPU.ActiveCfg = Release|Any CPU
		{6834D09A-1857-47AA-85FF-0EBF95A12CCA}.Release|Any CPU.Build.0 = Release|Any CPU
		{A722D142-A5DE-425B-8A3C-7D6D8BAA2EC8}.Debug|Any CPU.ActiveCfg = Debug|Any CPU
		{A722D142-A5DE-425B-8A3C-7D6D8BAA2EC8}.Debug|Any CPU.Build.0 = Debug|Any CPU
		{A722D142-A5DE-425B-8A3C-7D6D8BAA2EC8}.Release|Any CPU.ActiveCfg = Release|Any CPU
		{A722D142-A5DE-425B-8A3C-7D6D8BAA2EC8}.Release|Any CPU.Build.0 = Release|Any CPU
	EndGlobalSection
	GlobalSection(NestedProjects) = preSolution
		{4BEDD7DE-0A1A-4E5F-8F49-67561B9B2481} = {3857CDBD-227E-4356-A6DF-CEAFF49D567D}
		{C9AAC0A8-C858-4D09-8322-1E1E8AB4E1F2} = {3857CDBD-227E-4356-A6DF-CEAFF49D567D}
		{28DECE66-C84A-4E28-9480-2E427A6CA475} = {763C9930-3717-4FC2-8C92-F92DD0B91022}
		{E2CE92B1-BF81-4BE6-9CB0-3BF6B7AD735D} = {763C9930-3717-4FC2-8C92-F92DD0B91022}
		{3F28CDFD-6C6A-4E3D-B8BE-EEA6C75A907C} = {7190FA47-9AF6-4E76-86A2-0B4FB4414653}
		{D5615E80-CB0B-46DB-9B3E-70C08F40D29D} = {7190FA47-9AF6-4E76-86A2-0B4FB4414653}
		{1E866ADF-09CC-4A90-9B7E-78353A403E4C} = {7190FA47-9AF6-4E76-86A2-0B4FB4414653}
		{A5DBEE7F-432B-4941-B2EB-C82A0CE64E70} = {6F7596E0-0EC3-43D1-BD93-9687372E3AC9}
		{6834D09A-1857-47AA-85FF-0EBF95A12CCA} = {6F7596E0-0EC3-43D1-BD93-9687372E3AC9}
		{A722D142-A5DE-425B-8A3C-7D6D8BAA2EC8} = {6F7596E0-0EC3-43D1-BD93-9687372E3AC9}
	EndGlobalSection
EndGlobal
